// !$*UTF8*$!
{
	archiveVersion = 1;
	classes = {
	};
	objectVersion = 56;
	objects = {

/* Begin PBXBuildFile section */
		34A52E000342F0916FBC3FAF /* Pods_AppStoreClone.framework in Frameworks */ = {isa = PBXBuildFile; fileRef = 5A114DBBB0E67F6B07E13BFF /* Pods_AppStoreClone.framework */; };
		BAA487C12BB79BE800AD7AEC /* AppDelegate.swift in Sources */ = {isa = PBXBuildFile; fileRef = BAA487C02BB79BE800AD7AEC /* AppDelegate.swift */; };
		BAA487C32BB79BE800AD7AEC /* SceneDelegate.swift in Sources */ = {isa = PBXBuildFile; fileRef = BAA487C22BB79BE800AD7AEC /* SceneDelegate.swift */; };
		BAA487C52BB79BE800AD7AEC /* ViewController.swift in Sources */ = {isa = PBXBuildFile; fileRef = BAA487C42BB79BE800AD7AEC /* ViewController.swift */; };
		BAA487CA2BB79BEA00AD7AEC /* Assets.xcassets in Resources */ = {isa = PBXBuildFile; fileRef = BAA487C92BB79BEA00AD7AEC /* Assets.xcassets */; };
		BAA487CD2BB79BEA00AD7AEC /* LaunchScreen.storyboard in Resources */ = {isa = PBXBuildFile; fileRef = BAA487CB2BB79BEA00AD7AEC /* LaunchScreen.storyboard */; };
		BAA487D72BB7A30F00AD7AEC /* AppCoordinator.swift in Sources */ = {isa = PBXBuildFile; fileRef = BAA487D62BB7A30F00AD7AEC /* AppCoordinator.swift */; };
		BAA487DA2BB7A31B00AD7AEC /* Coordinator.swift in Sources */ = {isa = PBXBuildFile; fileRef = BAA487D92BB7A31B00AD7AEC /* Coordinator.swift */; };
		BAA487DC2BB7A63200AD7AEC /* TodayViewController.swift in Sources */ = {isa = PBXBuildFile; fileRef = BAA487DB2BB7A63200AD7AEC /* TodayViewController.swift */; };
		BAA487DE2BB7A64C00AD7AEC /* TodayCoordinator.swift in Sources */ = {isa = PBXBuildFile; fileRef = BAA487DD2BB7A64C00AD7AEC /* TodayCoordinator.swift */; };
		BAA487E02BB7A6AE00AD7AEC /* TodayViewModel.swift in Sources */ = {isa = PBXBuildFile; fileRef = BAA487DF2BB7A6AE00AD7AEC /* TodayViewModel.swift */; };
		BAA487E52BB7A75200AD7AEC /* Symbols.swift in Sources */ = {isa = PBXBuildFile; fileRef = BAA487E42BB7A75200AD7AEC /* Symbols.swift */; };
/* End PBXBuildFile section */

/* Begin PBXFileReference section */
		259B49062656C15D8BAA3E82 /* Pods-AppStoreClone.debug.xcconfig */ = {isa = PBXFileReference; includeInIndex = 1; lastKnownFileType = text.xcconfig; name = "Pods-AppStoreClone.debug.xcconfig"; path = "Target Support Files/Pods-AppStoreClone/Pods-AppStoreClone.debug.xcconfig"; sourceTree = "<group>"; };
		5A114DBBB0E67F6B07E13BFF /* Pods_AppStoreClone.framework */ = {isa = PBXFileReference; explicitFileType = wrapper.framework; includeInIndex = 0; path = Pods_AppStoreClone.framework; sourceTree = BUILT_PRODUCTS_DIR; };
		BAA487BD2BB79BE800AD7AEC /* AppStoreClone.app */ = {isa = PBXFileReference; explicitFileType = wrapper.application; includeInIndex = 0; path = AppStoreClone.app; sourceTree = BUILT_PRODUCTS_DIR; };
		BAA487C02BB79BE800AD7AEC /* AppDelegate.swift */ = {isa = PBXFileReference; lastKnownFileType = sourcecode.swift; path = AppDelegate.swift; sourceTree = "<group>"; };
		BAA487C22BB79BE800AD7AEC /* SceneDelegate.swift */ = {isa = PBXFileReference; lastKnownFileType = sourcecode.swift; path = SceneDelegate.swift; sourceTree = "<group>"; };
		BAA487C42BB79BE800AD7AEC /* ViewController.swift */ = {isa = PBXFileReference; lastKnownFileType = sourcecode.swift; path = ViewController.swift; sourceTree = "<group>"; };
		BAA487C92BB79BEA00AD7AEC /* Assets.xcassets */ = {isa = PBXFileReference; lastKnownFileType = folder.assetcatalog; path = Assets.xcassets; sourceTree = "<group>"; };
		BAA487CC2BB79BEA00AD7AEC /* Base */ = {isa = PBXFileReference; lastKnownFileType = file.storyboard; name = Base; path = Base.lproj/LaunchScreen.storyboard; sourceTree = "<group>"; };
		BAA487CE2BB79BEA00AD7AEC /* Info.plist */ = {isa = PBXFileReference; lastKnownFileType = text.plist.xml; path = Info.plist; sourceTree = "<group>"; };
		BAA487D62BB7A30F00AD7AEC /* AppCoordinator.swift */ = {isa = PBXFileReference; lastKnownFileType = sourcecode.swift; path = AppCoordinator.swift; sourceTree = "<group>"; };
		BAA487D92BB7A31B00AD7AEC /* Coordinator.swift */ = {isa = PBXFileReference; lastKnownFileType = sourcecode.swift; path = Coordinator.swift; sourceTree = "<group>"; };
		BAA487DB2BB7A63200AD7AEC /* TodayViewController.swift */ = {isa = PBXFileReference; lastKnownFileType = sourcecode.swift; path = TodayViewController.swift; sourceTree = "<group>"; };
		BAA487DD2BB7A64C00AD7AEC /* TodayCoordinator.swift */ = {isa = PBXFileReference; lastKnownFileType = sourcecode.swift; path = TodayCoordinator.swift; sourceTree = "<group>"; };
		BAA487DF2BB7A6AE00AD7AEC /* TodayViewModel.swift */ = {isa = PBXFileReference; lastKnownFileType = sourcecode.swift; path = TodayViewModel.swift; sourceTree = "<group>"; };
		BAA487E42BB7A75200AD7AEC /* Symbols.swift */ = {isa = PBXFileReference; lastKnownFileType = sourcecode.swift; path = Symbols.swift; sourceTree = "<group>"; };
		D3F7048E999FFF68394C3D2D /* Pods-AppStoreClone.release.xcconfig */ = {isa = PBXFileReference; includeInIndex = 1; lastKnownFileType = text.xcconfig; name = "Pods-AppStoreClone.release.xcconfig"; path = "Target Support Files/Pods-AppStoreClone/Pods-AppStoreClone.release.xcconfig"; sourceTree = "<group>"; };
/* End PBXFileReference section */

/* Begin PBXFrameworksBuildPhase section */
		BAA487BA2BB79BE800AD7AEC /* Frameworks */ = {
			isa = PBXFrameworksBuildPhase;
			buildActionMask = 2147483647;
			files = (
				34A52E000342F0916FBC3FAF /* Pods_AppStoreClone.framework in Frameworks */,
			);
			runOnlyForDeploymentPostprocessing = 0;
		};
/* End PBXFrameworksBuildPhase section */

/* Begin PBXGroup section */
		41F5E5BAB7B3F4E756487E95 /* Frameworks */ = {
			isa = PBXGroup;
			children = (
				5A114DBBB0E67F6B07E13BFF /* Pods_AppStoreClone.framework */,
			);
			name = Frameworks;
			sourceTree = "<group>";
		};
		853844BC191C7F6F0791E272 /* Pods */ = {
			isa = PBXGroup;
			children = (
				259B49062656C15D8BAA3E82 /* Pods-AppStoreClone.debug.xcconfig */,
				D3F7048E999FFF68394C3D2D /* Pods-AppStoreClone.release.xcconfig */,
			);
			path = Pods;
			sourceTree = "<group>";
		};
		BAA487B42BB79BE800AD7AEC = {
			isa = PBXGroup;
			children = (
				BAA487BF2BB79BE800AD7AEC /* AppStoreClone */,
				BAA487BE2BB79BE800AD7AEC /* Products */,
				853844BC191C7F6F0791E272 /* Pods */,
				41F5E5BAB7B3F4E756487E95 /* Frameworks */,
			);
			sourceTree = "<group>";
		};
		BAA487BE2BB79BE800AD7AEC /* Products */ = {
			isa = PBXGroup;
			children = (
				BAA487BD2BB79BE800AD7AEC /* AppStoreClone.app */,
			);
			name = Products;
			sourceTree = "<group>";
		};
		BAA487BF2BB79BE800AD7AEC /* AppStoreClone */ = {
			isa = PBXGroup;
			children = (
				BAA487E32BB7A74700AD7AEC /* Resource */,
				BAA487D82BB7A31500AD7AEC /* Base */,
				BAA487D52BB7A30100AD7AEC /* Today */,
				BAA487D42BB7A19D00AD7AEC /* Application */,
				BAA487C42BB79BE800AD7AEC /* ViewController.swift */,
				BAA487CE2BB79BEA00AD7AEC /* Info.plist */,
			);
			path = AppStoreClone;
			sourceTree = "<group>";
		};
		BAA487D42BB7A19D00AD7AEC /* Application */ = {
			isa = PBXGroup;
			children = (
				BAA487C02BB79BE800AD7AEC /* AppDelegate.swift */,
				BAA487C22BB79BE800AD7AEC /* SceneDelegate.swift */,
			);
			path = Application;
			sourceTree = "<group>";
		};
		BAA487D52BB7A30100AD7AEC /* Today */ = {
			isa = PBXGroup;
			children = (
				BAA487DB2BB7A63200AD7AEC /* TodayViewController.swift */,
				BAA487DD2BB7A64C00AD7AEC /* TodayCoordinator.swift */,
				BAA487DF2BB7A6AE00AD7AEC /* TodayViewModel.swift */,
			);
			path = Today;
			sourceTree = "<group>";
		};
		BAA487D82BB7A31500AD7AEC /* Base */ = {
			isa = PBXGroup;
			children = (
				BAA487D62BB7A30F00AD7AEC /* AppCoordinator.swift */,
				BAA487D92BB7A31B00AD7AEC /* Coordinator.swift */,
			);
			path = Base;
			sourceTree = "<group>";
		};
		BAA487E32BB7A74700AD7AEC /* Resource */ = {
			isa = PBXGroup;
			children = (
				BAA487C92BB79BEA00AD7AEC /* Assets.xcassets */,
				BAA487CB2BB79BEA00AD7AEC /* LaunchScreen.storyboard */,
				BAA487E42BB7A75200AD7AEC /* Symbols.swift */,
			);
			path = Resource;
			sourceTree = "<group>";
		};
/* End PBXGroup section */

/* Begin PBXNativeTarget section */
		BAA487BC2BB79BE800AD7AEC /* AppStoreClone */ = {
			isa = PBXNativeTarget;
			buildConfigurationList = BAA487D12BB79BEA00AD7AEC /* Build configuration list for PBXNativeTarget "AppStoreClone" */;
			buildPhases = (
				4B2BE9E5482CFC3CC3A64500 /* [CP] Check Pods Manifest.lock */,
				BAA487B92BB79BE800AD7AEC /* Sources */,
				BAA487BA2BB79BE800AD7AEC /* Frameworks */,
				BAA487BB2BB79BE800AD7AEC /* Resources */,
				BFE70C41D043372A38CD9F09 /* [CP] Embed Pods Frameworks */,
			);
			buildRules = (
			);
			dependencies = (
			);
			name = AppStoreClone;
			productName = AppStoreClone;
			productReference = BAA487BD2BB79BE800AD7AEC /* AppStoreClone.app */;
			productType = "com.apple.product-type.application";
		};
/* End PBXNativeTarget section */

/* Begin PBXProject section */
		BAA487B52BB79BE800AD7AEC /* Project object */ = {
			isa = PBXProject;
			attributes = {
				BuildIndependentTargetsInParallel = 1;
				LastSwiftUpdateCheck = 1520;
				LastUpgradeCheck = 1520;
				TargetAttributes = {
					BAA487BC2BB79BE800AD7AEC = {
						CreatedOnToolsVersion = 15.2;
					};
				};
			};
			buildConfigurationList = BAA487B82BB79BE800AD7AEC /* Build configuration list for PBXProject "AppStoreClone" */;
			compatibilityVersion = "Xcode 14.0";
			developmentRegion = en;
			hasScannedForEncodings = 0;
			knownRegions = (
				en,
				Base,
			);
			mainGroup = BAA487B42BB79BE800AD7AEC;
			productRefGroup = BAA487BE2BB79BE800AD7AEC /* Products */;
			projectDirPath = "";
			projectRoot = "";
			targets = (
				BAA487BC2BB79BE800AD7AEC /* AppStoreClone */,
			);
		};
/* End PBXProject section */

/* Begin PBXResourcesBuildPhase section */
		BAA487BB2BB79BE800AD7AEC /* Resources */ = {
			isa = PBXResourcesBuildPhase;
			buildActionMask = 2147483647;
			files = (
				BAA487CD2BB79BEA00AD7AEC /* LaunchScreen.storyboard in Resources */,
				BAA487CA2BB79BEA00AD7AEC /* Assets.xcassets in Resources */,
			);
			runOnlyForDeploymentPostprocessing = 0;
		};
/* End PBXResourcesBuildPhase section */

/* Begin PBXShellScriptBuildPhase section */
		4B2BE9E5482CFC3CC3A64500 /* [CP] Check Pods Manifest.lock */ = {
			isa = PBXShellScriptBuildPhase;
			buildActionMask = 2147483647;
			files = (
			);
			inputFileListPaths = (
			);
			inputPaths = (
				"${PODS_PODFILE_DIR_PATH}/Podfile.lock",
				"${PODS_ROOT}/Manifest.lock",
			);
			name = "[CP] Check Pods Manifest.lock";
			outputFileListPaths = (
			);
			outputPaths = (
				"$(DERIVED_FILE_DIR)/Pods-AppStoreClone-checkManifestLockResult.txt",
			);
			runOnlyForDeploymentPostprocessing = 0;
			shellPath = /bin/sh;
			shellScript = "diff \"${PODS_PODFILE_DIR_PATH}/Podfile.lock\" \"${PODS_ROOT}/Manifest.lock\" > /dev/null\nif [ $? != 0 ] ; then\n    # print error to STDERR\n    echo \"error: The sandbox is not in sync with the Podfile.lock. Run 'pod install' or update your CocoaPods installation.\" >&2\n    exit 1\nfi\n# This output is used by Xcode 'outputs' to avoid re-running this script phase.\necho \"SUCCESS\" > \"${SCRIPT_OUTPUT_FILE_0}\"\n";
			showEnvVarsInLog = 0;
		};
		BFE70C41D043372A38CD9F09 /* [CP] Embed Pods Frameworks */ = {
			isa = PBXShellScriptBuildPhase;
			buildActionMask = 2147483647;
			files = (
			);
			inputFileListPaths = (
				"${PODS_ROOT}/Target Support Files/Pods-AppStoreClone/Pods-AppStoreClone-frameworks-${CONFIGURATION}-input-files.xcfilelist",
			);
			name = "[CP] Embed Pods Frameworks";
			outputFileListPaths = (
				"${PODS_ROOT}/Target Support Files/Pods-AppStoreClone/Pods-AppStoreClone-frameworks-${CONFIGURATION}-output-files.xcfilelist",
			);
			runOnlyForDeploymentPostprocessing = 0;
			shellPath = /bin/sh;
			shellScript = "\"${PODS_ROOT}/Target Support Files/Pods-AppStoreClone/Pods-AppStoreClone-frameworks.sh\"\n";
			showEnvVarsInLog = 0;
		};
/* End PBXShellScriptBuildPhase section */

/* Begin PBXSourcesBuildPhase section */
		BAA487B92BB79BE800AD7AEC /* Sources */ = {
			isa = PBXSourcesBuildPhase;
			buildActionMask = 2147483647;
			files = (
				BAA487E52BB7A75200AD7AEC /* Symbols.swift in Sources */,
				BAA487D72BB7A30F00AD7AEC /* AppCoordinator.swift in Sources */,
				BAA487DE2BB7A64C00AD7AEC /* TodayCoordinator.swift in Sources */,
				BAA487C52BB79BE800AD7AEC /* ViewController.swift in Sources */,
				BAA487DC2BB7A63200AD7AEC /* TodayViewController.swift in Sources */,
				BAA487E02BB7A6AE00AD7AEC /* TodayViewModel.swift in Sources */,
				BAA487DA2BB7A31B00AD7AEC /* Coordinator.swift in Sources */,
				BAA487C12BB79BE800AD7AEC /* AppDelegate.swift in Sources */,
				BAA487C32BB79BE800AD7AEC /* SceneDelegate.swift in Sources */,
			);
			runOnlyForDeploymentPostprocessing = 0;
		};
/* End PBXSourcesBuildPhase section */

/* Begin PBXVariantGroup section */
		BAA487CB2BB79BEA00AD7AEC /* LaunchScreen.storyboard */ = {
			isa = PBXVariantGroup;
			children = (
				BAA487CC2BB79BEA00AD7AEC /* Base */,
			);
			name = LaunchScreen.storyboard;
			sourceTree = "<group>";
		};
/* End PBXVariantGroup section */

/* Begin XCBuildConfiguration section */
		BAA487CF2BB79BEA00AD7AEC /* Debug */ = {
			isa = XCBuildConfiguration;
			buildSettings = {
				ALWAYS_SEARCH_USER_PATHS = NO;
				ASSETCATALOG_COMPILER_GENERATE_SWIFT_ASSET_SYMBOL_EXTENSIONS = YES;
				CLANG_ANALYZER_NONNULL = YES;
				CLANG_ANALYZER_NUMBER_OBJECT_CONVERSION = YES_AGGRESSIVE;
				CLANG_CXX_LANGUAGE_STANDARD = "gnu++20";
				CLANG_ENABLE_MODULES = YES;
				CLANG_ENABLE_OBJC_ARC = YES;
				CLANG_ENABLE_OBJC_WEAK = YES;
				CLANG_WARN_BLOCK_CAPTURE_AUTORELEASING = YES;
				CLANG_WARN_BOOL_CONVERSION = YES;
				CLANG_WARN_COMMA = YES;
				CLANG_WARN_CONSTANT_CONVERSION = YES;
				CLANG_WARN_DEPRECATED_OBJC_IMPLEMENTATIONS = YES;
				CLANG_WARN_DIRECT_OBJC_ISA_USAGE = YES_ERROR;
				CLANG_WARN_DOCUMENTATION_COMMENTS = YES;
				CLANG_WARN_EMPTY_BODY = YES;
				CLANG_WARN_ENUM_CONVERSION = YES;
				CLANG_WARN_INFINITE_RECURSION = YES;
				CLANG_WARN_INT_CONVERSION = YES;
				CLANG_WARN_NON_LITERAL_NULL_CONVERSION = YES;
				CLANG_WARN_OBJC_IMPLICIT_RETAIN_SELF = YES;
				CLANG_WARN_OBJC_LITERAL_CONVERSION = YES;
				CLANG_WARN_OBJC_ROOT_CLASS = YES_ERROR;
				CLANG_WARN_QUOTED_INCLUDE_IN_FRAMEWORK_HEADER = YES;
				CLANG_WARN_RANGE_LOOP_ANALYSIS = YES;
				CLANG_WARN_STRICT_PROTOTYPES = YES;
				CLANG_WARN_SUSPICIOUS_MOVE = YES;
				CLANG_WARN_UNGUARDED_AVAILABILITY = YES_AGGRESSIVE;
				CLANG_WARN_UNREACHABLE_CODE = YES;
				CLANG_WARN__DUPLICATE_METHOD_MATCH = YES;
				COPY_PHASE_STRIP = NO;
				DEBUG_INFORMATION_FORMAT = dwarf;
				ENABLE_STRICT_OBJC_MSGSEND = YES;
				ENABLE_TESTABILITY = YES;
				ENABLE_USER_SCRIPT_SANDBOXING = NO;
				GCC_C_LANGUAGE_STANDARD = gnu17;
				GCC_DYNAMIC_NO_PIC = NO;
				GCC_NO_COMMON_BLOCKS = YES;
				GCC_OPTIMIZATION_LEVEL = 0;
				GCC_PREPROCESSOR_DEFINITIONS = (
					"DEBUG=1",
					"$(inherited)",
				);
				GCC_WARN_64_TO_32_BIT_CONVERSION = YES;
				GCC_WARN_ABOUT_RETURN_TYPE = YES_ERROR;
				GCC_WARN_UNDECLARED_SELECTOR = YES;
				GCC_WARN_UNINITIALIZED_AUTOS = YES_AGGRESSIVE;
				GCC_WARN_UNUSED_FUNCTION = YES;
				GCC_WARN_UNUSED_VARIABLE = YES;
				IPHONEOS_DEPLOYMENT_TARGET = 17.2;
				LOCALIZATION_PREFERS_STRING_CATALOGS = YES;
				MTL_ENABLE_DEBUG_INFO = INCLUDE_SOURCE;
				MTL_FAST_MATH = YES;
				ONLY_ACTIVE_ARCH = YES;
				SDKROOT = iphoneos;
				SWIFT_ACTIVE_COMPILATION_CONDITIONS = "DEBUG $(inherited)";
				SWIFT_OPTIMIZATION_LEVEL = "-Onone";
			};
			name = Debug;
		};
		BAA487D02BB79BEA00AD7AEC /* Release */ = {
			isa = XCBuildConfiguration;
			buildSettings = {
				ALWAYS_SEARCH_USER_PATHS = NO;
				ASSETCATALOG_COMPILER_GENERATE_SWIFT_ASSET_SYMBOL_EXTENSIONS = YES;
				CLANG_ANALYZER_NONNULL = YES;
				CLANG_ANALYZER_NUMBER_OBJECT_CONVERSION = YES_AGGRESSIVE;
				CLANG_CXX_LANGUAGE_STANDARD = "gnu++20";
				CLANG_ENABLE_MODULES = YES;
				CLANG_ENABLE_OBJC_ARC = YES;
				CLANG_ENABLE_OBJC_WEAK = YES;
				CLANG_WARN_BLOCK_CAPTURE_AUTORELEASING = YES;
				CLANG_WARN_BOOL_CONVERSION = YES;
				CLANG_WARN_COMMA = YES;
				CLANG_WARN_CONSTANT_CONVERSION = YES;
				CLANG_WARN_DEPRECATED_OBJC_IMPLEMENTATIONS = YES;
				CLANG_WARN_DIRECT_OBJC_ISA_USAGE = YES_ERROR;
				CLANG_WARN_DOCUMENTATION_COMMENTS = YES;
				CLANG_WARN_EMPTY_BODY = YES;
				CLANG_WARN_ENUM_CONVERSION = YES;
				CLANG_WARN_INFINITE_RECURSION = YES;
				CLANG_WARN_INT_CONVERSION = YES;
				CLANG_WARN_NON_LITERAL_NULL_CONVERSION = YES;
				CLANG_WARN_OBJC_IMPLICIT_RETAIN_SELF = YES;
				CLANG_WARN_OBJC_LITERAL_CONVERSION = YES;
				CLANG_WARN_OBJC_ROOT_CLASS = YES_ERROR;
				CLANG_WARN_QUOTED_INCLUDE_IN_FRAMEWORK_HEADER = YES;
				CLANG_WARN_RANGE_LOOP_ANALYSIS = YES;
				CLANG_WARN_STRICT_PROTOTYPES = YES;
				CLANG_WARN_SUSPICIOUS_MOVE = YES;
				CLANG_WARN_UNGUARDED_AVAILABILITY = YES_AGGRESSIVE;
				CLANG_WARN_UNREACHABLE_CODE = YES;
				CLANG_WARN__DUPLICATE_METHOD_MATCH = YES;
				COPY_PHASE_STRIP = NO;
				DEBUG_INFORMATION_FORMAT = "dwarf-with-dsym";
				ENABLE_NS_ASSERTIONS = NO;
				ENABLE_STRICT_OBJC_MSGSEND = YES;
				ENABLE_USER_SCRIPT_SANDBOXING = NO;
				GCC_C_LANGUAGE_STANDARD = gnu17;
				GCC_NO_COMMON_BLOCKS = YES;
				GCC_WARN_64_TO_32_BIT_CONVERSION = YES;
				GCC_WARN_ABOUT_RETURN_TYPE = YES_ERROR;
				GCC_WARN_UNDECLARED_SELECTOR = YES;
				GCC_WARN_UNINITIALIZED_AUTOS = YES_AGGRESSIVE;
				GCC_WARN_UNUSED_FUNCTION = YES;
				GCC_WARN_UNUSED_VARIABLE = YES;
				IPHONEOS_DEPLOYMENT_TARGET = 17.2;
				LOCALIZATION_PREFERS_STRING_CATALOGS = YES;
				MTL_ENABLE_DEBUG_INFO = NO;
				MTL_FAST_MATH = YES;
				SDKROOT = iphoneos;
				SWIFT_COMPILATION_MODE = wholemodule;
				VALIDATE_PRODUCT = YES;
			};
			name = Release;
		};
		BAA487D22BB79BEA00AD7AEC /* Debug */ = {
			isa = XCBuildConfiguration;
			baseConfigurationReference = 259B49062656C15D8BAA3E82 /* Pods-AppStoreClone.debug.xcconfig */;
			buildSettings = {
				ASSETCATALOG_COMPILER_APPICON_NAME = AppIcon;
				ASSETCATALOG_COMPILER_GLOBAL_ACCENT_COLOR_NAME = AccentColor;
				CODE_SIGN_STYLE = Automatic;
				CURRENT_PROJECT_VERSION = 1;
				DEVELOPMENT_TEAM = ARSZYU7AJ8;
				GENERATE_INFOPLIST_FILE = YES;
				INFOPLIST_FILE = AppStoreClone/Info.plist;
				INFOPLIST_KEY_UIApplicationSupportsIndirectInputEvents = YES;
				INFOPLIST_KEY_UILaunchStoryboardName = LaunchScreen;
				INFOPLIST_KEY_UISupportedInterfaceOrientations_iPad = "UIInterfaceOrientationPortrait UIInterfaceOrientationPortraitUpsideDown UIInterfaceOrientationLandscapeLeft UIInterfaceOrientationLandscapeRight";
				INFOPLIST_KEY_UISupportedInterfaceOrientations_iPhone = "UIInterfaceOrientationPortrait UIInterfaceOrientationLandscapeLeft UIInterfaceOrientationLandscapeRight";
				LD_RUNPATH_SEARCH_PATHS = (
					"$(inherited)",
					"@executable_path/Frameworks",
				);
				MARKETING_VERSION = 1.0;
				PRODUCT_BUNDLE_IDENTIFIER = com.peppermint100.AppStoreClone;
				PRODUCT_NAME = "$(TARGET_NAME)";
				SWIFT_EMIT_LOC_STRINGS = YES;
				SWIFT_VERSION = 5.0;
				TARGETED_DEVICE_FAMILY = "1,2";
			};
			name = Debug;
		};
		BAA487D32BB79BEA00AD7AEC /* Release */ = {
			isa = XCBuildConfiguration;
			baseConfigurationReference = D3F7048E999FFF68394C3D2D /* Pods-AppStoreClone.release.xcconfig */;
			buildSettings = {
				ASSETCATALOG_COMPILER_APPICON_NAME = AppIcon;
				ASSETCATALOG_COMPILER_GLOBAL_ACCENT_COLOR_NAME = AccentColor;
				CODE_SIGN_STYLE = Automatic;
				CURRENT_PROJECT_VERSION = 1;
				DEVELOPMENT_TEAM = ARSZYU7AJ8;
				GENERATE_INFOPLIST_FILE = YES;
				INFOPLIST_FILE = AppStoreClone/Info.plist;
				INFOPLIST_KEY_UIApplicationSupportsIndirectInputEvents = YES;
				INFOPLIST_KEY_UILaunchStoryboardName = LaunchScreen;
				INFOPLIST_KEY_UISupportedInterfaceOrientations_iPad = "UIInterfaceOrientationPortrait UIInterfaceOrientationPortraitUpsideDown UIInterfaceOrientationLandscapeLeft UIInterfaceOrientationLandscapeRight";
				INFOPLIST_KEY_UISupportedInterfaceOrientations_iPhone = "UIInterfaceOrientationPortrait UIInterfaceOrientationLandscapeLeft UIInterfaceOrientationLandscapeRight";
				LD_RUNPATH_SEARCH_PATHS = (
					"$(inherited)",
					"@executable_path/Frameworks",
				);
				MARKETING_VERSION = 1.0;
				PRODUCT_BUNDLE_IDENTIFIER = com.peppermint100.AppStoreClone;
				PRODUCT_NAME = "$(TARGET_NAME)";
				SWIFT_EMIT_LOC_STRINGS = YES;
				SWIFT_VERSION = 5.0;
				TARGETED_DEVICE_FAMILY = "1,2";
			};
			name = Release;
		};
/* End XCBuildConfiguration section */

/* Begin XCConfigurationList section */
		BAA487B82BB79BE800AD7AEC /* Build configuration list for PBXProject "AppStoreClone" */ = {
			isa = XCConfigurationList;
			buildConfigurations = (
				BAA487CF2BB79BEA00AD7AEC /* Debug */,
				BAA487D02BB79BEA00AD7AEC /* Release */,
			);
			defaultConfigurationIsVisible = 0;
			defaultConfigurationName = Release;
		};
		BAA487D12BB79BEA00AD7AEC /* Build configuration list for PBXNativeTarget "AppStoreClone" */ = {
			isa = XCConfigurationList;
			buildConfigurations = (
				BAA487D22BB79BEA00AD7AEC /* Debug */,
				BAA487D32BB79BEA00AD7AEC /* Release */,
			);
			defaultConfigurationIsVisible = 0;
			defaultConfigurationName = Release;
		};
/* End XCConfigurationList section */
	};
	rootObject = BAA487B52BB79BE800AD7AEC /* Project object */;
}
